{
  "name": "convince",
  "lockfileVersion": 2,
  "requires": true,
  "packages": {
    "": {
      "dependencies": {
        "vue-cookie": "^1.1.4"
      }
    },
    "node_modules/tiny-cookie": {
      "version": "1.0.1",
      "resolved": "https://registry.npmjs.org/tiny-cookie/-/tiny-cookie-1.0.1.tgz",
      "integrity": "sha512-4KJ21HYTNumxnHvCbLrtrrhSwtWXzpmaRJIUg4biBii5AiSe2izod5bauXiiQxVuf2Fta57U2DTW1Fa4/6Cmgw=="
    },
    "node_modules/vue-cookie": {
      "version": "1.1.4",
      "resolved": "https://registry.npmjs.org/vue-cookie/-/vue-cookie-1.1.4.tgz",
      "integrity": "sha512-lxWIzmUTCVra0H7YPbNpYx0wbTQThV+n7ueUOcqtK8dlckmfB8fcyf4OEiRuQUd7iiVub2T3IDlWiisEM5Ku0Q==",
      "dependencies": {
        "tiny-cookie": "^1.0"
      }
    }
  },
  "dependencies": {
    "tiny-cookie": {
      "version": "1.0.1",
      "resolved": "https://registry.npmjs.org/tiny-cookie/-/tiny-cookie-1.0.1.tgz",
      "integrity": "sha512-4KJ21HYTNumxnHvCbLrtrrhSwtWXzpmaRJIUg4biBii5AiSe2izod5bauXiiQxVuf2Fta57U2DTW1Fa4/6Cmgw=="
    },
    "vue-cookie": {
      "version": "1.1.4",
      "resolved": "https://registry.npmjs.org/vue-cookie/-/vue-cookie-1.1.4.tgz",
      "integrity": "sha512-lxWIzmUTCVra0H7YPbNpYx0wbTQThV+n7ueUOcqtK8dlckmfB8fcyf4OEiRuQUd7iiVub2T3IDlWiisEM5Ku0Q==",
      "requires": {
        "tiny-cookie": "^1.0"
      }
    }
  }
}
